
Microsoft Visual Studio Solution File, Format Version 12.00
# Visual Studio Version 16
VisualStudioVersion = 16.0.30114.105
MinimumVisualStudioVersion = 10.0.40219.1
Project("{9A19103F-16F7-4668-BE54-9A1E7A4F7556}") = "WeatherForecast.WebService", "WeatherForecast.WebService\WeatherForecast.WebService.csproj", "{0D90EC94-7518-4AA3-AC8D-FA4DC6C71A81}"
EndProject
Global
	GlobalSection(SolutionConfigurationPlatforms) = preSolution
		Debug|Any CPU = Debug|Any CPU
		Release|Any CPU = Release|Any CPU
	EndGlobalSection
	GlobalSection(ProjectConfigurationPlatforms) = postSolution
		{0D90EC94-7518-4AA3-AC8D-FA4DC6C71A81}.Debug|Any CPU.ActiveCfg = Debug|Any CPU
		{0D90EC94-7518-4AA3-AC8D-FA4DC6C71A81}.Debug|Any CPU.Build.0 = Debug|Any CPU
		{0D90EC94-7518-4AA3-AC8D-FA4DC6C71A81}.Release|Any CPU.ActiveCfg = Release|Any CPU
		{0D90EC94-7518-4AA3-AC8D-FA4DC6C71A81}.Release|Any CPU.Build.0 = Release|Any CPU
	EndGlobalSection
	GlobalSection(SolutionProperties) = preSolution
		HideSolutionNode = FALSE
	EndGlobalSection
	GlobalSection(ExtensibilityGlobals) = postSolution
		SolutionGuid = {84271C52-2A86-4806-A21D-95FEFE96CBD1}
	EndGlobalSection
EndGlobal
